// !$*UTF8*$!
{
	archiveVersion = 1;
	classes = {
	};
	objectVersion = 46;
	objects = {

/* Begin PBXBuildFile section */
		9951913214F16866005A5E1D /* unpack.cpp in Sources */ = {isa = PBXBuildFile; fileRef = 9951913114F16866005A5E1D /* unpack.cpp */; };
		9951913714F1ABE9005A5E1D /* player.cpp in Sources */ = {isa = PBXBuildFile; fileRef = 9951913614F1ABE9005A5E1D /* player.cpp */; };
		99865AD514F30B51005BCAF8 /* decomp.cpp in Sources */ = {isa = PBXBuildFile; fileRef = 99865AD414F30B51005BCAF8 /* decomp.cpp */; };
		99AA72E814EC550900FB56E4 /* main.cpp in Sources */ = {isa = PBXBuildFile; fileRef = 99AA72E714EC550900FB56E4 /* main.cpp */; };
		99AA72EA14EC550900FB56E4 /* Minecraft_Analyser.1 in CopyFiles */ = {isa = PBXBuildFile; fileRef = 99AA72E914EC550900FB56E4 /* Minecraft_Analyser.1 */; };
/* End PBXBuildFile section */

/* Begin PBXCopyFilesBuildPhase section */
		99AA72E114EC550900FB56E4 /* CopyFiles */ = {
			isa = PBXCopyFilesBuildPhase;
			buildActionMask = 2147483647;
			dstPath = /usr/share/man/man1/;
			dstSubfolderSpec = 0;
			files = (
				99AA72EA14EC550900FB56E4 /* Minecraft_Analyser.1 in CopyFiles */,
			);
			runOnlyForDeploymentPostprocessing = 1;
		};
/* End PBXCopyFilesBuildPhase section */

/* Begin PBXFileReference section */
		9951913114F16866005A5E1D /* unpack.cpp */ = {isa = PBXFileReference; fileEncoding = 4; lastKnownFileType = sourcecode.cpp.cpp; path = unpack.cpp; sourceTree = "<group>"; };
		9951913614F1ABE9005A5E1D /* player.cpp */ = {isa = PBXFileReference; fileEncoding = 4; lastKnownFileType = sourcecode.cpp.cpp; path = player.cpp; sourceTree = "<group>"; };
		9951913814F1ABF3005A5E1D /* player.h */ = {isa = PBXFileReference; fileEncoding = 4; lastKnownFileType = sourcecode.c.h; path = player.h; sourceTree = "<group>"; };
		99865AD414F30B51005BCAF8 /* decomp.cpp */ = {isa = PBXFileReference; fileEncoding = 4; lastKnownFileType = sourcecode.cpp.cpp; path = decomp.cpp; sourceTree = "<group>"; };
		9994F05114EDB3D6002EA017 /* packets.h */ = {isa = PBXFileReference; fileEncoding = 4; lastKnownFileType = sourcecode.c.h; path = packets.h; sourceTree = "<group>"; };
		9994F05A14EF1850002EA017 /* unpack.h */ = {isa = PBXFileReference; fileEncoding = 4; lastKnownFileType = sourcecode.c.h; path = unpack.h; sourceTree = "<group>"; };
		99AA72E314EC550900FB56E4 /* Minecraft Analyser */ = {isa = PBXFileReference; explicitFileType = "compiled.mach-o.executable"; includeInIndex = 0; path = "Minecraft Analyser"; sourceTree = BUILT_PRODUCTS_DIR; };
		99AA72E714EC550900FB56E4 /* main.cpp */ = {isa = PBXFileReference; lastKnownFileType = sourcecode.cpp.cpp; path = main.cpp; sourceTree = "<group>"; };
		99AA72E914EC550900FB56E4 /* Minecraft_Analyser.1 */ = {isa = PBXFileReference; lastKnownFileType = text.man; path = Minecraft_Analyser.1; sourceTree = "<group>"; };
/* End PBXFileReference section */

/* Begin PBXFrameworksBuildPhase section */
		99AA72E014EC550900FB56E4 /* Frameworks */ = {
			isa = PBXFrameworksBuildPhase;
			buildActionMask = 2147483647;
			files = (
			);
			runOnlyForDeploymentPostprocessing = 0;
		};
/* End PBXFrameworksBuildPhase section */

/* Begin PBXGroup section */
		99AA72D814EC550800FB56E4 = {
			isa = PBXGroup;
			children = (
				99AA72E614EC550900FB56E4 /* Minecraft Analyser */,
				99AA72E414EC550900FB56E4 /* Products */,
			);
			sourceTree = "<group>";
		};
		99AA72E414EC550900FB56E4 /* Products */ = {
			isa = PBXGroup;
			children = (
				99AA72E314EC550900FB56E4 /* Minecraft Analyser */,
			);
			name = Products;
			sourceTree = "<group>";
		};
		99AA72E614EC550900FB56E4 /* Minecraft Analyser */ = {
			isa = PBXGroup;
			children = (
				9994F05114EDB3D6002EA017 /* packets.h */,
				9994F05A14EF1850002EA017 /* unpack.h */,
				9951913114F16866005A5E1D /* unpack.cpp */,
				99865AD414F30B51005BCAF8 /* decomp.cpp */,
				9951913814F1ABF3005A5E1D /* player.h */,
				9951913614F1ABE9005A5E1D /* player.cpp */,
				99AA72E714EC550900FB56E4 /* main.cpp */,
				99AA72E914EC550900FB56E4 /* Minecraft_Analyser.1 */,
			);
			path = "Minecraft Analyser";
			sourceTree = "<group>";
		};
/* End PBXGroup section */

/* Begin PBXNativeTarget section */
		99AA72E214EC550900FB56E4 /* Minecraft Analyser */ = {
			isa = PBXNativeTarget;
			buildConfigurationList = 99AA72ED14EC550900FB56E4 /* Build configuration list for PBXNativeTarget "Minecraft Analyser" */;
			buildPhases = (
				99AA72DF14EC550900FB56E4 /* Sources */,
				99AA72E014EC550900FB56E4 /* Frameworks */,
				99AA72E114EC550900FB56E4 /* CopyFiles */,
			);
			buildRules = (
			);
			dependencies = (
			);
			name = "Minecraft Analyser";
			productName = "Minecraft Analyser";
			productReference = 99AA72E314EC550900FB56E4 /* Minecraft Analyser */;
			productType = "com.apple.product-type.tool";
		};
/* End PBXNativeTarget section */

/* Begin PBXProject section */
		99AA72DA14EC550800FB56E4 /* Project object */ = {
			isa = PBXProject;
			attributes = {
				LastUpgradeCheck = 0460;
				ORGANIZATIONNAME = "EADS Astrium ST - P2010 - MAE";
			};
			buildConfigurationList = 99AA72DD14EC550800FB56E4 /* Build configuration list for PBXProject "Minecraft Analyser" */;
			compatibilityVersion = "Xcode 3.2";
			developmentRegion = English;
			hasScannedForEncodings = 0;
			knownRegions = (
				en,
			);
			mainGroup = 99AA72D814EC550800FB56E4;
			productRefGroup = 99AA72E414EC550900FB56E4 /* Products */;
			projectDirPath = "";
			projectRoot = "";
			targets = (
				99AA72E214EC550900FB56E4 /* Minecraft Analyser */,
			);
		};
/* End PBXProject section */

/* Begin PBXSourcesBuildPhase section */
		99AA72DF14EC550900FB56E4 /* Sources */ = {
			isa = PBXSourcesBuildPhase;
			buildActionMask = 2147483647;
			files = (
				99AA72E814EC550900FB56E4 /* main.cpp in Sources */,
				9951913214F16866005A5E1D /* unpack.cpp in Sources */,
				9951913714F1ABE9005A5E1D /* player.cpp in Sources */,
				99865AD514F30B51005BCAF8 /* decomp.cpp in Sources */,
			);
			runOnlyForDeploymentPostprocessing = 0;
		};
/* End PBXSourcesBuildPhase section */

/* Begin XCBuildConfiguration section */
		99AA72EB14EC550900FB56E4 /* Debug */ = {
			isa = XCBuildConfiguration;
			buildSettings = {
				ALWAYS_SEARCH_USER_PATHS = NO;
				ARCHS = "$(ARCHS_STANDARD_64_BIT)";
				CLANG_ENABLE_OBJC_ARC = YES;
				CLANG_WARN_CONSTANT_CONVERSION = YES;
				CLANG_WARN_ENUM_CONVERSION = YES;
				CLANG_WARN_INT_CONVERSION = YES;
				CLANG_WARN__DUPLICATE_METHOD_MATCH = YES;
				COPY_PHASE_STRIP = NO;
				GCC_C_LANGUAGE_STANDARD = gnu99;
				GCC_DYNAMIC_NO_PIC = NO;
				GCC_ENABLE_OBJC_EXCEPTIONS = YES;
				GCC_OPTIMIZATION_LEVEL = 0;
				GCC_PREPROCESSOR_DEFINITIONS = (
					"DEBUG=1",
					"$(inherited)",
				);
				GCC_SYMBOLS_PRIVATE_EXTERN = NO;
				GCC_VERSION = com.apple.compilers.llvm.clang.1_0;
				GCC_WARN_64_TO_32_BIT_CONVERSION = YES;
				GCC_WARN_ABOUT_MISSING_PROTOTYPES = YES;
				GCC_WARN_ABOUT_RETURN_TYPE = YES;
				GCC_WARN_UNINITIALIZED_AUTOS = YES;
				GCC_WARN_UNUSED_VARIABLE = YES;
				MACOSX_DEPLOYMENT_TARGET = 10.7;
				ONLY_ACTIVE_ARCH = YES;
				SDKROOT = macosx;
			};
			name = Debug;
		};
		99AA72EC14EC550900FB56E4 /* Release */ = {
			isa = XCBuildConfiguration;
			buildSettings = {
				ALWAYS_SEARCH_USER_PATHS = NO;
				ARCHS = "$(ARCHS_STANDARD_64_BIT)";
				CLANG_ENABLE_OBJC_ARC = YES;
				CLANG_WARN_CONSTANT_CONVERSION = YES;
				CLANG_WARN_ENUM_CONVERSION = YES;
				CLANG_WARN_INT_CONVERSION = YES;
				CLANG_WARN__DUPLICATE_METHOD_MATCH = YES;
				COPY_PHASE_STRIP = YES;
				DEBUG_INFORMATION_FORMAT = "dwarf-with-dsym";
				GCC_C_LANGUAGE_STANDARD = gnu99;
				GCC_ENABLE_OBJC_EXCEPTIONS = YES;
				GCC_VERSION = com.apple.compilers.llvm.clang.1_0;
				GCC_WARN_64_TO_32_BIT_CONVERSION = YES;
				GCC_WARN_ABOUT_MISSING_PROTOTYPES = YES;
				GCC_WARN_ABOUT_RETURN_TYPE = YES;
				GCC_WARN_UNINITIALIZED_AUTOS = YES;
				GCC_WARN_UNUSED_VARIABLE = YES;
				MACOSX_DEPLOYMENT_TARGET = 10.7;
				SDKROOT = macosx;
			};
			name = Release;
		};
		99AA72EE14EC550900FB56E4 /* Debug */ = {
			isa = XCBuildConfiguration;
			buildSettings = {
				LIBRARY_SEARCH_PATHS = /usr/local/lib;
				OTHER_LDFLAGS = (
					"-lpcap",
					"-lz",
				);
				PRODUCT_NAME = "$(TARGET_NAME)";
			};
			name = Debug;
		};
		99AA72EF14EC550900FB56E4 /* Release */ = {
			isa = XCBuildConfiguration;
			buildSettings = {
				LIBRARY_SEARCH_PATHS = /usr/local/lib;
				OTHER_LDFLAGS = (
					"-lpcap",
					"-lz",
				);
				PRODUCT_NAME = "$(TARGET_NAME)";
			};
			name = Release;
		};
/* End XCBuildConfiguration section */

/* Begin XCConfigurationList section */
		99AA72DD14EC550800FB56E4 /* Build configuration list for PBXProject "Minecraft Analyser" */ = {
			isa = XCConfigurationList;
			buildConfigurations = (
				99AA72EB14EC550900FB56E4 /* Debug */,
				99AA72EC14EC550900FB56E4 /* Release */,
			);
			defaultConfigurationIsVisible = 0;
			defaultConfigurationName = Release;
		};
		99AA72ED14EC550900FB56E4 /* Build configuration list for PBXNativeTarget "Minecraft Analyser" */ = {
			isa = XCConfigurationList;
			buildConfigurations = (
				99AA72EE14EC550900FB56E4 /* Debug */,
				99AA72EF14EC550900FB56E4 /* Release */,
			);
			defaultConfigurationIsVisible = 0;
			defaultConfigurationName = Release;
		};
/* End XCConfigurationList section */
	};
	rootObject = 99AA72DA14EC550800FB56E4 /* Project object */;
}
